// !$*UTF8*$!
{
	archiveVersion = 1;
	classes = {
	};
	objectVersion = 50;
	objects = {

/* Begin PBXBuildFile section */
		761A2B4024DC518C00674E35 /* BoderButton.swift in Sources */ = {isa = PBXBuildFile; fileRef = 761A2B3F24DC518C00674E35 /* BoderButton.swift */; };
		761A2B6224DCB0D500674E35 /* DesiredLeagueViewController.swift in Sources */ = {isa = PBXBuildFile; fileRef = 761A2B6124DCB0D500674E35 /* DesiredLeagueViewController.swift */; };
		7692FAAA24DBB4F200295EEB /* AppDelegate.swift in Sources */ = {isa = PBXBuildFile; fileRef = 7692FAA924DBB4F200295EEB /* AppDelegate.swift */; };
		7692FAAC24DBB4F200295EEB /* SceneDelegate.swift in Sources */ = {isa = PBXBuildFile; fileRef = 7692FAAB24DBB4F200295EEB /* SceneDelegate.swift */; };
		7692FAAE24DBB4F200295EEB /* ViewController.swift in Sources */ = {isa = PBXBuildFile; fileRef = 7692FAAD24DBB4F200295EEB /* ViewController.swift */; };
		7692FAB124DBB4F200295EEB /* Main.storyboard in Resources */ = {isa = PBXBuildFile; fileRef = 7692FAAF24DBB4F200295EEB /* Main.storyboard */; };
		7692FAB324DBB4F300295EEB /* Assets.xcassets in Resources */ = {isa = PBXBuildFile; fileRef = 7692FAB224DBB4F300295EEB /* Assets.xcassets */; };
		7692FAB624DBB4F300295EEB /* LaunchScreen.storyboard in Resources */ = {isa = PBXBuildFile; fileRef = 7692FAB424DBB4F300295EEB /* LaunchScreen.storyboard */; };
/* End PBXBuildFile section */

/* Begin PBXFileReference section */
		761A2B3F24DC518C00674E35 /* BoderButton.swift */ = {isa = PBXFileReference; lastKnownFileType = sourcecode.swift; path = BoderButton.swift; sourceTree = "<group>"; };
		761A2B6124DCB0D500674E35 /* DesiredLeagueViewController.swift */ = {isa = PBXFileReference; lastKnownFileType = sourcecode.swift; path = DesiredLeagueViewController.swift; sourceTree = "<group>"; };
		7692FAA624DBB4F200295EEB /* SWOOSHAPP.app */ = {isa = PBXFileReference; explicitFileType = wrapper.application; includeInIndex = 0; path = SWOOSHAPP.app; sourceTree = BUILT_PRODUCTS_DIR; };
		7692FAA924DBB4F200295EEB /* AppDelegate.swift */ = {isa = PBXFileReference; lastKnownFileType = sourcecode.swift; path = AppDelegate.swift; sourceTree = "<group>"; };
		7692FAAB24DBB4F200295EEB /* SceneDelegate.swift */ = {isa = PBXFileReference; lastKnownFileType = sourcecode.swift; path = SceneDelegate.swift; sourceTree = "<group>"; };
		7692FAAD24DBB4F200295EEB /* ViewController.swift */ = {isa = PBXFileReference; lastKnownFileType = sourcecode.swift; path = ViewController.swift; sourceTree = "<group>"; };
		7692FAB024DBB4F200295EEB /* Base */ = {isa = PBXFileReference; lastKnownFileType = file.storyboard; name = Base; path = Base.lproj/Main.storyboard; sourceTree = "<group>"; };
		7692FAB224DBB4F300295EEB /* Assets.xcassets */ = {isa = PBXFileReference; lastKnownFileType = folder.assetcatalog; path = Assets.xcassets; sourceTree = "<group>"; };
		7692FAB524DBB4F300295EEB /* Base */ = {isa = PBXFileReference; lastKnownFileType = file.storyboard; name = Base; path = Base.lproj/LaunchScreen.storyboard; sourceTree = "<group>"; };
		7692FAB724DBB4F300295EEB /* Info.plist */ = {isa = PBXFileReference; lastKnownFileType = text.plist.xml; path = Info.plist; sourceTree = "<group>"; };
/* End PBXFileReference section */

/* Begin PBXFrameworksBuildPhase section */
		7692FAA324DBB4F200295EEB /* Frameworks */ = {
			isa = PBXFrameworksBuildPhase;
			buildActionMask = 2147483647;
			files = (
			);
			runOnlyForDeploymentPostprocessing = 0;
		};
/* End PBXFrameworksBuildPhase section */

/* Begin PBXGroup section */
		761A2B3A24DC4F0300674E35 /* VIEWS */ = {
			isa = PBXGroup;
			children = (
				761A2B3F24DC518C00674E35 /* BoderButton.swift */,
			);
			path = VIEWS;
			sourceTree = "<group>";
		};
		761A2B3D24DC4FC600674E35 /* MODEL */ = {
			isa = PBXGroup;
			children = (
			);
			path = MODEL;
			sourceTree = "<group>";
		};
		761A2B3E24DC4FD000674E35 /* CONTROLLER */ = {
			isa = PBXGroup;
			children = (
				7692FAAD24DBB4F200295EEB /* ViewController.swift */,
				761A2B6124DCB0D500674E35 /* DesiredLeagueViewController.swift */,
			);
			path = CONTROLLER;
			sourceTree = "<group>";
		};
		7692FA9D24DBB4F100295EEB = {
			isa = PBXGroup;
			children = (
				7692FAA824DBB4F200295EEB /* SWOOSHAPP */,
				7692FAA724DBB4F200295EEB /* Products */,
			);
			sourceTree = "<group>";
		};
		7692FAA724DBB4F200295EEB /* Products */ = {
			isa = PBXGroup;
			children = (
				7692FAA624DBB4F200295EEB /* SWOOSHAPP.app */,
			);
			name = Products;
			sourceTree = "<group>";
		};
		7692FAA824DBB4F200295EEB /* SWOOSHAPP */ = {
			isa = PBXGroup;
			children = (
				761A2B3D24DC4FC600674E35 /* MODEL */,
				761A2B3A24DC4F0300674E35 /* VIEWS */,
				761A2B3E24DC4FD000674E35 /* CONTROLLER */,
				7692FAA924DBB4F200295EEB /* AppDelegate.swift */,
				7692FAAB24DBB4F200295EEB /* SceneDelegate.swift */,
				7692FAAF24DBB4F200295EEB /* Main.storyboard */,
				7692FAB224DBB4F300295EEB /* Assets.xcassets */,
				7692FAB424DBB4F300295EEB /* LaunchScreen.storyboard */,
				7692FAB724DBB4F300295EEB /* Info.plist */,
			);
			path = SWOOSHAPP;
			sourceTree = "<group>";
		};
/* End PBXGroup section */

/* Begin PBXNativeTarget section */
		7692FAA524DBB4F200295EEB /* SWOOSHAPP */ = {
			isa = PBXNativeTarget;
			buildConfigurationList = 7692FABA24DBB4F300295EEB /* Build configuration list for PBXNativeTarget "SWOOSHAPP" */;
			buildPhases = (
				7692FAA224DBB4F200295EEB /* Sources */,
				7692FAA324DBB4F200295EEB /* Frameworks */,
				7692FAA424DBB4F200295EEB /* Resources */,
			);
			buildRules = (
			);
			dependencies = (
			);
			name = SWOOSHAPP;
			productName = SWOOSHAPP;
			productReference = 7692FAA624DBB4F200295EEB /* SWOOSHAPP.app */;
			productType = "com.apple.product-type.application";
		};
/* End PBXNativeTarget section */

/* Begin PBXProject section */
		7692FA9E24DBB4F100295EEB /* Project object */ = {
			isa = PBXProject;
			attributes = {
				LastSwiftUpdateCheck = 1130;
				LastUpgradeCheck = 1130;
				ORGANIZATIONNAME = "El nino Cholo";
				TargetAttributes = {
					7692FAA524DBB4F200295EEB = {
						CreatedOnToolsVersion = 11.3.1;
					};
				};
			};
			buildConfigurationList = 7692FAA124DBB4F100295EEB /* Build configuration list for PBXProject "SWOOSHAPP" */;
			compatibilityVersion = "Xcode 9.3";
			developmentRegion = en;
			hasScannedForEncodings = 0;
			knownRegions = (
				en,
				Base,
			);
			mainGroup = 7692FA9D24DBB4F100295EEB;
			productRefGroup = 7692FAA724DBB4F200295EEB /* Products */;
			projectDirPath = "";
			projectRoot = "";
			targets = (
				7692FAA524DBB4F200295EEB /* SWOOSHAPP */,
			);
		};
/* End PBXProject section */

/* Begin PBXResourcesBuildPhase section */
		7692FAA424DBB4F200295EEB /* Resources */ = {
			isa = PBXResourcesBuildPhase;
			buildActionMask = 2147483647;
			files = (
				7692FAB624DBB4F300295EEB /* LaunchScreen.storyboard in Resources */,
				7692FAB324DBB4F300295EEB /* Assets.xcassets in Resources */,
				7692FAB124DBB4F200295EEB /* Main.storyboard in Resources */,
			);
			runOnlyForDeploymentPostprocessing = 0;
		};
/* End PBXResourcesBuildPhase section */

/* Begin PBXSourcesBuildPhase section */
		7692FAA224DBB4F200295EEB /* Sources */ = {
			isa = PBXSourcesBuildPhase;
			buildActionMask = 2147483647;
			files = (
				761A2B4024DC518C00674E35 /* BoderButton.swift in Sources */,
				761A2B6224DCB0D500674E35 /* DesiredLeagueViewController.swift in Sources */,
				7692FAAE24DBB4F200295EEB /* ViewController.swift in Sources */,
				7692FAAA24DBB4F200295EEB /* AppDelegate.swift in Sources */,
				7692FAAC24DBB4F200295EEB /* SceneDelegate.swift in Sources */,
			);
			runOnlyForDeploymentPostprocessing = 0;
		};
/* End PBXSourcesBuildPhase section */

/* Begin PBXVariantGroup section */
		7692FAAF24DBB4F200295EEB /* Main.storyboard */ = {
			isa = PBXVariantGroup;
			children = (
				7692FAB024DBB4F200295EEB /* Base */,
			);
			name = Main.storyboard;
			sourceTree = "<group>";
		};
		7692FAB424DBB4F300295EEB /* LaunchScreen.storyboard */ = {
			isa = PBXVariantGroup;
			children = (
				7692FAB524DBB4F300295EEB /* Base */,
			);
			name = LaunchScreen.storyboard;
			sourceTree = "<group>";
		};
/* End PBXVariantGroup section */

/* Begin XCBuildConfiguration section */
		7692FAB824DBB4F300295EEB /* Debug */ = {
			isa = XCBuildConfiguration;
			buildSettings = {
				ALWAYS_SEARCH_USER_PATHS = NO;
				CLANG_ANALYZER_NONNULL = YES;
				CLANG_ANALYZER_NUMBER_OBJECT_CONVERSION = YES_AGGRESSIVE;
				CLANG_CXX_LANGUAGE_STANDARD = "gnu++14";
				CLANG_CXX_LIBRARY = "libc++";
				CLANG_ENABLE_MODULES = YES;
				CLANG_ENABLE_OBJC_ARC = YES;
				CLANG_ENABLE_OBJC_WEAK = YES;
				CLANG_WARN_BLOCK_CAPTURE_AUTORELEASING = YES;
				CLANG_WARN_BOOL_CONVERSION = YES;
				CLANG_WARN_COMMA = YES;
				CLANG_WARN_CONSTANT_CONVERSION = YES;
				CLANG_WARN_DEPRECATED_OBJC_IMPLEMENTATIONS = YES;
				CLANG_WARN_DIRECT_OBJC_ISA_USAGE = YES_ERROR;
				CLANG_WARN_DOCUMENTATION_COMMENTS = YES;
				CLANG_WARN_EMPTY_BODY = YES;
				CLANG_WARN_ENUM_CONVERSION = YES;
				CLANG_WARN_INFINITE_RECURSION = YES;
				CLANG_WARN_INT_CONVERSION = YES;
				CLANG_WARN_NON_LITERAL_NULL_CONVERSION = YES;
				CLANG_WARN_OBJC_IMPLICIT_RETAIN_SELF = YES;
				CLANG_WARN_OBJC_LITERAL_CONVERSION = YES;
				CLANG_WARN_OBJC_ROOT_CLASS = YES_ERROR;
				CLANG_WARN_RANGE_LOOP_ANALYSIS = YES;
				CLANG_WARN_STRICT_PROTOTYPES = YES;
				CLANG_WARN_SUSPICIOUS_MOVE = YES;
				CLANG_WARN_UNGUARDED_AVAILABILITY = YES_AGGRESSIVE;
				CLANG_WARN_UNREACHABLE_CODE = YES;
				CLANG_WARN__DUPLICATE_METHOD_MATCH = YES;
				COPY_PHASE_STRIP = NO;
				DEBUG_INFORMATION_FORMAT = dwarf;
				ENABLE_STRICT_OBJC_MSGSEND = YES;
				ENABLE_TESTABILITY = YES;
				GCC_C_LANGUAGE_STANDARD = gnu11;
				GCC_DYNAMIC_NO_PIC = NO;
				GCC_NO_COMMON_BLOCKS = YES;
				GCC_OPTIMIZATION_LEVEL = 0;
				GCC_PREPROCESSOR_DEFINITIONS = (
					"DEBUG=1",
					"$(inherited)",
				);
				GCC_WARN_64_TO_32_BIT_CONVERSION = YES;
				GCC_WARN_ABOUT_RETURN_TYPE = YES_ERROR;
				GCC_WARN_UNDECLARED_SELECTOR = YES;
				GCC_WARN_UNINITIALIZED_AUTOS = YES_AGGRESSIVE;
				GCC_WARN_UNUSED_FUNCTION = YES;
				GCC_WARN_UNUSED_VARIABLE = YES;
				IPHONEOS_DEPLOYMENT_TARGET = 13.2;
				MTL_ENABLE_DEBUG_INFO = INCLUDE_SOURCE;
				MTL_FAST_MATH = YES;
				ONLY_ACTIVE_ARCH = YES;
				SDKROOT = iphoneos;
				SWIFT_ACTIVE_COMPILATION_CONDITIONS = DEBUG;
				SWIFT_OPTIMIZATION_LEVEL = "-Onone";
			};
			name = Debug;
		};
		7692FAB924DBB4F300295EEB /* Release */ = {
			isa = XCBuildConfiguration;
			buildSettings = {
				ALWAYS_SEARCH_USER_PATHS = NO;
				CLANG_ANALYZER_NONNULL = YES;
				CLANG_ANALYZER_NUMBER_OBJECT_CONVERSION = YES_AGGRESSIVE;
				CLANG_CXX_LANGUAGE_STANDARD = "gnu++14";
				CLANG_CXX_LIBRARY = "libc++";
				CLANG_ENABLE_MODULES = YES;
				CLANG_ENABLE_OBJC_ARC = YES;
				CLANG_ENABLE_OBJC_WEAK = YES;
				CLANG_WARN_BLOCK_CAPTURE_AUTORELEASING = YES;
				CLANG_WARN_BOOL_CONVERSION = YES;
				CLANG_WARN_COMMA = YES;
				CLANG_WARN_CONSTANT_CONVERSION = YES;
				CLANG_WARN_DEPRECATED_OBJC_IMPLEMENTATIONS = YES;
				CLANG_WARN_DIRECT_OBJC_ISA_USAGE = YES_ERROR;
				CLANG_WARN_DOCUMENTATION_COMMENTS = YES;
				CLANG_WARN_EMPTY_BODY = YES;
				CLANG_WARN_ENUM_CONVERSION = YES;
				CLANG_WARN_INFINITE_RECURSION = YES;
				CLANG_WARN_INT_CONVERSION = YES;
				CLANG_WARN_NON_LITERAL_NULL_CONVERSION = YES;
				CLANG_WARN_OBJC_IMPLICIT_RETAIN_SELF = YES;
				CLANG_WARN_OBJC_LITERAL_CONVERSION = YES;
				CLANG_WARN_OBJC_ROOT_CLASS = YES_ERROR;
				CLANG_WARN_RANGE_LOOP_ANALYSIS = YES;
				CLANG_WARN_STRICT_PROTOTYPES = YES;
				CLANG_WARN_SUSPICIOUS_MOVE = YES;
				CLANG_WARN_UNGUARDED_AVAILABILITY = YES_AGGRESSIVE;
				CLANG_WARN_UNREACHABLE_CODE = YES;
				CLANG_WARN__DUPLICATE_METHOD_MATCH = YES;
				COPY_PHASE_STRIP = NO;
				DEBUG_INFORMATION_FORMAT = "dwarf-with-dsym";
				ENABLE_NS_ASSERTIONS = NO;
				ENABLE_STRICT_OBJC_MSGSEND = YES;
				GCC_C_LANGUAGE_STANDARD = gnu11;
				GCC_NO_COMMON_BLOCKS = YES;
				GCC_WARN_64_TO_32_BIT_CONVERSION = YES;
				GCC_WARN_ABOUT_RETURN_TYPE = YES_ERROR;
				GCC_WARN_UNDECLARED_SELECTOR = YES;
				GCC_WARN_UNINITIALIZED_AUTOS = YES_AGGRESSIVE;
				GCC_WARN_UNUSED_FUNCTION = YES;
				GCC_WARN_UNUSED_VARIABLE = YES;
				IPHONEOS_DEPLOYMENT_TARGET = 13.2;
				MTL_ENABLE_DEBUG_INFO = NO;
				MTL_FAST_MATH = YES;
				SDKROOT = iphoneos;
				SWIFT_COMPILATION_MODE = wholemodule;
				SWIFT_OPTIMIZATION_LEVEL = "-O";
				VALIDATE_PRODUCT = YES;
			};
			name = Release;
		};
		7692FABB24DBB4F300295EEB /* Debug */ = {
			isa = XCBuildConfiguration;
			buildSettings = {
				ASSETCATALOG_COMPILER_APPICON_NAME = AppIcon;
				CODE_SIGN_STYLE = Automatic;
				DEVELOPMENT_TEAM = SH48NLQR9Y;
				INFOPLIST_FILE = SWOOSHAPP/Info.plist;
				LD_RUNPATH_SEARCH_PATHS = (
					"$(inherited)",
					"@executable_path/Frameworks",
				);
				PRODUCT_BUNDLE_IDENTIFIER = zando.SWOOSHAPP;
				PRODUCT_NAME = "$(TARGET_NAME)";
				SWIFT_VERSION = 5.0;
				TARGETED_DEVICE_FAMILY = "1,2";
			};
			name = Debug;
		};
		7692FABC24DBB4F300295EEB /* Release */ = {
			isa = XCBuildConfiguration;
			buildSettings = {
				ASSETCATALOG_COMPILER_APPICON_NAME = AppIcon;
				CODE_SIGN_STYLE = Automatic;
				DEVELOPMENT_TEAM = SH48NLQR9Y;
				INFOPLIST_FILE = SWOOSHAPP/Info.plist;
				LD_RUNPATH_SEARCH_PATHS = (
					"$(inherited)",
					"@executable_path/Frameworks",
				);
				PRODUCT_BUNDLE_IDENTIFIER = zando.SWOOSHAPP;
				PRODUCT_NAME = "$(TARGET_NAME)";
				SWIFT_VERSION = 5.0;
				TARGETED_DEVICE_FAMILY = "1,2";
			};
			name = Release;
		};
/* End XCBuildConfiguration section */

/* Begin XCConfigurationList section */
		7692FAA124DBB4F100295EEB /* Build configuration list for PBXProject "SWOOSHAPP" */ = {
			isa = XCConfigurationList;
			buildConfigurations = (
				7692FAB824DBB4F300295EEB /* Debug */,
				7692FAB924DBB4F300295EEB /* Release */,
			);
			defaultConfigurationIsVisible = 0;
			defaultConfigurationName = Release;
		};
		7692FABA24DBB4F300295EEB /* Build configuration list for PBXNativeTarget "SWOOSHAPP" */ = {
			isa = XCConfigurationList;
			buildConfigurations = (
				7692FABB24DBB4F300295EEB /* Debug */,
				7692FABC24DBB4F300295EEB /* Release */,
			);
			defaultConfigurationIsVisible = 0;
			defaultConfigurationName = Release;
		};
/* End XCConfigurationList section */
	};
	rootObject = 7692FA9E24DBB4F100295EEB /* Project object */;
}
